<Solution>
  <Folder Name="/server/">
    <Project Path="server/AITextSummarizer.Api/AITextSummarizer.Api.csproj" />
    <Project Path="server/AITextSummarizer.Core/AITextSummarizer.Core.csproj" />
    <Project Path="server/AITextSummarizer.Infrastructure/AITextSummarizer.Infrastructure.csproj" />
  </Folder>
  <Folder Name="/tests/">
    <Project Path="tests/AITextSummarizer.Tests/AITextSummarizer.Tests.csproj" />
  </Folder>
</Solution>
